
Microsoft Visual Studio Solution File, Format Version 9.00
# Visual Studio 2005
Project("{8BC9CEB8-8B4A-11D0-8D11-00A0C91BC942}") = "TranspWnds", "TranspWnds\TranspWnds.vcproj", "{003402AE-A655-43C9-B4F3-9648801AF167}"
EndProject
Global
	GlobalSection(SolutionConfigurationPlatforms) = preSolution
		Debug|Win32 = Debug|Win32
		Release|Win32 = Release|Win32
		UDebug|Win32 = UDebug|Win32
		URelease|Win32 = URelease|Win32
	EndGlobalSection
	GlobalSection(ProjectConfigurationPlatforms) = postSolution
		{003402AE-A655-43C9-B4F3-9648801AF167}.Debug|Win32.ActiveCfg = Debug|Win32
		{003402AE-A655-43C9-B4F3-9648801AF167}.Debug|Win32.Build.0 = Debug|Win32
		{003402AE-A655-43C9-B4F3-9648801AF167}.Release|Win32.ActiveCfg = Release|Win32
		{003402AE-A655-43C9-B4F3-9648801AF167}.Release|Win32.Build.0 = Release|Win32
		{003402AE-A655-43C9-B4F3-9648801AF167}.UDebug|Win32.ActiveCfg = Debug|Win32
		{003402AE-A655-43C9-B4F3-9648801AF167}.UDebug|Win32.Build.0 = Debug|Win32
		{003402AE-A655-43C9-B4F3-9648801AF167}.URelease|Win32.ActiveCfg = Release|Win32
		{003402AE-A655-43C9-B4F3-9648801AF167}.URelease|Win32.Build.0 = Release|Win32
	EndGlobalSection
	GlobalSection(SolutionProperties) = preSolution
		HideSolutionNode = FALSE
	EndGlobalSection
EndGlobal
